// !$*UTF8*$!
{
	archiveVersion = 1;
	classes = {
	};
	objectVersion = 56;
	objects = {

/* Begin PBXBuildFile section */
		7B6BB9C92C1ADFFB00BC85F8 /* AppDelegate.swift in Sources */ = {isa = PBXBuildFile; fileRef = 7B6BB9C82C1ADFFB00BC85F8 /* AppDelegate.swift */; };
		7B6BB9CB2C1ADFFB00BC85F8 /* SceneDelegate.swift in Sources */ = {isa = PBXBuildFile; fileRef = 7B6BB9CA2C1ADFFB00BC85F8 /* SceneDelegate.swift */; };
		7B6BB9D22C1ADFFC00BC85F8 /* Assets.xcassets in Resources */ = {isa = PBXBuildFile; fileRef = 7B6BB9D12C1ADFFC00BC85F8 /* Assets.xcassets */; };
		7B6BB9D52C1ADFFC00BC85F8 /* Base in Resources */ = {isa = PBXBuildFile; fileRef = 7B6BB9D42C1ADFFC00BC85F8 /* Base */; };
		7B6BB9DD2C1AE11F00BC85F8 /* .gitignore in Resources */ = {isa = PBXBuildFile; fileRef = 7B6BB9DC2C1AE11F00BC85F8 /* .gitignore */; };
		7B6BB9DF2C1AE1C500BC85F8 /* APIKey.swift in Sources */ = {isa = PBXBuildFile; fileRef = 7B6BB9DE2C1AE1C500BC85F8 /* APIKey.swift */; };
		7B6BB9E22C1AE50C00BC85F8 /* Kingfisher in Frameworks */ = {isa = PBXBuildFile; productRef = 7B6BB9E12C1AE50C00BC85F8 /* Kingfisher */; };
		7B6BB9E52C1AE53400BC85F8 /* Alamofire in Frameworks */ = {isa = PBXBuildFile; productRef = 7B6BB9E42C1AE53400BC85F8 /* Alamofire */; };
		7B6BB9E82C1AE57600BC85F8 /* SnapKit in Frameworks */ = {isa = PBXBuildFile; productRef = 7B6BB9E72C1AE57600BC85F8 /* SnapKit */; };
		7B6BB9EB2C1AE60C00BC85F8 /* UINavigationController+.swift in Sources */ = {isa = PBXBuildFile; fileRef = 7B6BB9EA2C1AE60C00BC85F8 /* UINavigationController+.swift */; };
		7B6BB9ED2C1AE61D00BC85F8 /* UIViewController+.swift in Sources */ = {isa = PBXBuildFile; fileRef = 7B6BB9EC2C1AE61D00BC85F8 /* UIViewController+.swift */; };
		7B6BB9EF2C1AE63300BC85F8 /* UITableViewCell+.swift in Sources */ = {isa = PBXBuildFile; fileRef = 7B6BB9EE2C1AE63300BC85F8 /* UITableViewCell+.swift */; };
		7B6BB9F12C1AE63C00BC85F8 /* UICollectionViewCell.swift in Sources */ = {isa = PBXBuildFile; fileRef = 7B6BB9F02C1AE63C00BC85F8 /* UICollectionViewCell.swift */; };
		7B6BB9F32C1AE64C00BC85F8 /* UIImageView+.swift in Sources */ = {isa = PBXBuildFile; fileRef = 7B6BB9F22C1AE64C00BC85F8 /* UIImageView+.swift */; };
		7B6BB9F52C1AE65200BC85F8 /* String+.swift in Sources */ = {isa = PBXBuildFile; fileRef = 7B6BB9F42C1AE65200BC85F8 /* String+.swift */; };
		7B6BB9F82C1AE68C00BC85F8 /* ConfigureViewProtocol.swift in Sources */ = {isa = PBXBuildFile; fileRef = 7B6BB9F72C1AE68C00BC85F8 /* ConfigureViewProtocol.swift */; };
		7B6BB9FD2C1AEA3400BC85F8 /* Resource.swift in Sources */ = {isa = PBXBuildFile; fileRef = 7B6BB9FC2C1AEA3400BC85F8 /* Resource.swift */; };
		7B6BBA002C1DD30D00BC85F8 /* NVSSearch.swift in Sources */ = {isa = PBXBuildFile; fileRef = 7B6BB9FF2C1DD30D00BC85F8 /* NVSSearch.swift */; };
		7B6BBA032C1DE66600BC85F8 /* OnboardingViewController.swift in Sources */ = {isa = PBXBuildFile; fileRef = 7B6BBA022C1DE66600BC85F8 /* OnboardingViewController.swift */; };
		7B6BBA052C1DE6CC00BC85F8 /* ProfileSetupViewController.swift in Sources */ = {isa = PBXBuildFile; fileRef = 7B6BBA042C1DE6CC00BC85F8 /* ProfileSetupViewController.swift */; };
		7B6BBA072C1DE6DE00BC85F8 /* ProfileImageSetupViewController.swift in Sources */ = {isa = PBXBuildFile; fileRef = 7B6BBA062C1DE6DE00BC85F8 /* ProfileImageSetupViewController.swift */; };
		7B6BBA092C1DE6E700BC85F8 /* NVSSearchViewController.swift in Sources */ = {isa = PBXBuildFile; fileRef = 7B6BBA082C1DE6E700BC85F8 /* NVSSearchViewController.swift */; };
		7B6BBA0C2C1DE76D00BC85F8 /* ProfileImageView.swift in Sources */ = {isa = PBXBuildFile; fileRef = 7B6BBA0B2C1DE76D00BC85F8 /* ProfileImageView.swift */; };
		7B6BBA0E2C1DE7A800BC85F8 /* PrimaryColorRoundedButton.swift in Sources */ = {isa = PBXBuildFile; fileRef = 7B6BBA0D2C1DE7A800BC85F8 /* PrimaryColorRoundedButton.swift */; };
		7B6BBA102C1DE83200BC85F8 /* NVSSearchResultViewController.swift in Sources */ = {isa = PBXBuildFile; fileRef = 7B6BBA0F2C1DE83200BC85F8 /* NVSSearchResultViewController.swift */; };
		7B6BBA122C1DE85F00BC85F8 /* NVSProductDetailViewController.swift in Sources */ = {isa = PBXBuildFile; fileRef = 7B6BBA112C1DE85F00BC85F8 /* NVSProductDetailViewController.swift */; };
		7B6BBA142C1DE86900BC85F8 /* SettingViewController.swift in Sources */ = {isa = PBXBuildFile; fileRef = 7B6BBA132C1DE86900BC85F8 /* SettingViewController.swift */; };
		7B6BBA182C1EA2BC00BC85F8 /* CapsuleTapActionLabel.swift in Sources */ = {isa = PBXBuildFile; fileRef = 7B6BBA172C1EA2BC00BC85F8 /* CapsuleTapActionLabel.swift */; };
		7B6BBA1C2C1F044600BC85F8 /* ImageCollectionViewCell.swift in Sources */ = {isa = PBXBuildFile; fileRef = 7B6BBA1B2C1F044600BC85F8 /* ImageCollectionViewCell.swift */; };
		7B6BBA1E2C1F11BA00BC85F8 /* PFImageSetupDelegate.swift in Sources */ = {isa = PBXBuildFile; fileRef = 7B6BBA1D2C1F11BA00BC85F8 /* PFImageSetupDelegate.swift */; };
		7B6BBA232C1F13FE00BC85F8 /* UserDefaultsHelper.swift in Sources */ = {isa = PBXBuildFile; fileRef = 7B6BBA222C1F13FE00BC85F8 /* UserDefaultsHelper.swift */; };
		7B6BBA252C1F221A00BC85F8 /* MainTabBarController.swift in Sources */ = {isa = PBXBuildFile; fileRef = 7B6BBA242C1F221A00BC85F8 /* MainTabBarController.swift */; };
		7B6BBA272C1F358B00BC85F8 /* RecentSearchTableViewCell.swift in Sources */ = {isa = PBXBuildFile; fileRef = 7B6BBA262C1F358B00BC85F8 /* RecentSearchTableViewCell.swift */; };
		7B6BBA292C1F366B00BC85F8 /* RecentSearchQueryDelegate.swift in Sources */ = {isa = PBXBuildFile; fileRef = 7B6BBA282C1F366B00BC85F8 /* RecentSearchQueryDelegate.swift */; };
		7B6BBA2C2C1F3A0E00BC85F8 /* IQKeyboardManagerSwift in Frameworks */ = {isa = PBXBuildFile; productRef = 7B6BBA2B2C1F3A0E00BC85F8 /* IQKeyboardManagerSwift */; };
		7B6BBA5C2C200B6E00BC85F8 /* SearchResultCollectionViewCell.swift in Sources */ = {isa = PBXBuildFile; fileRef = 7B6BBA5B2C200B6E00BC85F8 /* SearchResultCollectionViewCell.swift */; };
		7B6BBA5E2C200EC800BC85F8 /* NVSSearchDelegate.swift in Sources */ = {isa = PBXBuildFile; fileRef = 7B6BBA5D2C200EC800BC85F8 /* NVSSearchDelegate.swift */; };
		7B6BBA602C20643A00BC85F8 /* SettingTableViewProfileCell.swift in Sources */ = {isa = PBXBuildFile; fileRef = 7B6BBA5F2C20643A00BC85F8 /* SettingTableViewProfileCell.swift */; };
		7B6BBA622C20644500BC85F8 /* SettingTableViewCell.swift in Sources */ = {isa = PBXBuildFile; fileRef = 7B6BBA612C20644400BC85F8 /* SettingTableViewCell.swift */; };
		7B6BBA642C2065DB00BC85F8 /* Date+.swift in Sources */ = {isa = PBXBuildFile; fileRef = 7B6BBA632C2065DB00BC85F8 /* Date+.swift */; };
		7B6BBA662C206BB400BC85F8 /* SettingDelegate.swift in Sources */ = {isa = PBXBuildFile; fileRef = 7B6BBA652C206BB300BC85F8 /* SettingDelegate.swift */; };
		7B6BBA682C20FDA400BC85F8 /* EmptyResultView.swift in Sources */ = {isa = PBXBuildFile; fileRef = 7B6BBA672C20FDA400BC85F8 /* EmptyResultView.swift */; };
		7B6BBA6B2C21098D00BC85F8 /* SkeletonView in Frameworks */ = {isa = PBXBuildFile; productRef = 7B6BBA6A2C21098D00BC85F8 /* SkeletonView */; };
/* End PBXBuildFile section */

/* Begin PBXFileReference section */
		7B6BB9C52C1ADFFB00BC85F8 /* LagomStyle.app */ = {isa = PBXFileReference; explicitFileType = wrapper.application; includeInIndex = 0; path = LagomStyle.app; sourceTree = BUILT_PRODUCTS_DIR; };
		7B6BB9C82C1ADFFB00BC85F8 /* AppDelegate.swift */ = {isa = PBXFileReference; lastKnownFileType = sourcecode.swift; path = AppDelegate.swift; sourceTree = "<group>"; };
		7B6BB9CA2C1ADFFB00BC85F8 /* SceneDelegate.swift */ = {isa = PBXFileReference; lastKnownFileType = sourcecode.swift; path = SceneDelegate.swift; sourceTree = "<group>"; };
		7B6BB9D12C1ADFFC00BC85F8 /* Assets.xcassets */ = {isa = PBXFileReference; lastKnownFileType = folder.assetcatalog; path = Assets.xcassets; sourceTree = "<group>"; };
		7B6BB9D42C1ADFFC00BC85F8 /* Base */ = {isa = PBXFileReference; lastKnownFileType = file.storyboard; name = Base; path = Base.lproj/LaunchScreen.storyboard; sourceTree = "<group>"; };
		7B6BB9D62C1ADFFC00BC85F8 /* Info.plist */ = {isa = PBXFileReference; lastKnownFileType = text.plist.xml; path = Info.plist; sourceTree = "<group>"; };
		7B6BB9DC2C1AE11F00BC85F8 /* .gitignore */ = {isa = PBXFileReference; lastKnownFileType = text; path = .gitignore; sourceTree = "<group>"; };
		7B6BB9DE2C1AE1C500BC85F8 /* APIKey.swift */ = {isa = PBXFileReference; lastKnownFileType = sourcecode.swift; path = APIKey.swift; sourceTree = "<group>"; };
		7B6BB9EA2C1AE60C00BC85F8 /* UINavigationController+.swift */ = {isa = PBXFileReference; lastKnownFileType = sourcecode.swift; path = "UINavigationController+.swift"; sourceTree = "<group>"; };
		7B6BB9EC2C1AE61D00BC85F8 /* UIViewController+.swift */ = {isa = PBXFileReference; lastKnownFileType = sourcecode.swift; path = "UIViewController+.swift"; sourceTree = "<group>"; };
		7B6BB9EE2C1AE63300BC85F8 /* UITableViewCell+.swift */ = {isa = PBXFileReference; lastKnownFileType = sourcecode.swift; path = "UITableViewCell+.swift"; sourceTree = "<group>"; };
		7B6BB9F02C1AE63C00BC85F8 /* UICollectionViewCell.swift */ = {isa = PBXFileReference; lastKnownFileType = sourcecode.swift; path = UICollectionViewCell.swift; sourceTree = "<group>"; };
		7B6BB9F22C1AE64C00BC85F8 /* UIImageView+.swift */ = {isa = PBXFileReference; lastKnownFileType = sourcecode.swift; path = "UIImageView+.swift"; sourceTree = "<group>"; };
		7B6BB9F42C1AE65200BC85F8 /* String+.swift */ = {isa = PBXFileReference; lastKnownFileType = sourcecode.swift; path = "String+.swift"; sourceTree = "<group>"; };
		7B6BB9F72C1AE68C00BC85F8 /* ConfigureViewProtocol.swift */ = {isa = PBXFileReference; lastKnownFileType = sourcecode.swift; path = ConfigureViewProtocol.swift; sourceTree = "<group>"; };
		7B6BB9FC2C1AEA3400BC85F8 /* Resource.swift */ = {isa = PBXFileReference; lastKnownFileType = sourcecode.swift; path = Resource.swift; sourceTree = "<group>"; };
		7B6BB9FF2C1DD30D00BC85F8 /* NVSSearch.swift */ = {isa = PBXFileReference; lastKnownFileType = sourcecode.swift; path = NVSSearch.swift; sourceTree = "<group>"; };
		7B6BBA022C1DE66600BC85F8 /* OnboardingViewController.swift */ = {isa = PBXFileReference; lastKnownFileType = sourcecode.swift; path = OnboardingViewController.swift; sourceTree = "<group>"; };
		7B6BBA042C1DE6CC00BC85F8 /* ProfileSetupViewController.swift */ = {isa = PBXFileReference; lastKnownFileType = sourcecode.swift; path = ProfileSetupViewController.swift; sourceTree = "<group>"; };
		7B6BBA062C1DE6DE00BC85F8 /* ProfileImageSetupViewController.swift */ = {isa = PBXFileReference; lastKnownFileType = sourcecode.swift; path = ProfileImageSetupViewController.swift; sourceTree = "<group>"; };
		7B6BBA082C1DE6E700BC85F8 /* NVSSearchViewController.swift */ = {isa = PBXFileReference; lastKnownFileType = sourcecode.swift; path = NVSSearchViewController.swift; sourceTree = "<group>"; };
		7B6BBA0B2C1DE76D00BC85F8 /* ProfileImageView.swift */ = {isa = PBXFileReference; lastKnownFileType = sourcecode.swift; path = ProfileImageView.swift; sourceTree = "<group>"; };
		7B6BBA0D2C1DE7A800BC85F8 /* PrimaryColorRoundedButton.swift */ = {isa = PBXFileReference; lastKnownFileType = sourcecode.swift; path = PrimaryColorRoundedButton.swift; sourceTree = "<group>"; };
		7B6BBA0F2C1DE83200BC85F8 /* NVSSearchResultViewController.swift */ = {isa = PBXFileReference; lastKnownFileType = sourcecode.swift; path = NVSSearchResultViewController.swift; sourceTree = "<group>"; };
		7B6BBA112C1DE85F00BC85F8 /* NVSProductDetailViewController.swift */ = {isa = PBXFileReference; lastKnownFileType = sourcecode.swift; path = NVSProductDetailViewController.swift; sourceTree = "<group>"; };
		7B6BBA132C1DE86900BC85F8 /* SettingViewController.swift */ = {isa = PBXFileReference; lastKnownFileType = sourcecode.swift; path = SettingViewController.swift; sourceTree = "<group>"; };
		7B6BBA172C1EA2BC00BC85F8 /* CapsuleTapActionLabel.swift */ = {isa = PBXFileReference; lastKnownFileType = sourcecode.swift; path = CapsuleTapActionLabel.swift; sourceTree = "<group>"; };
		7B6BBA1B2C1F044600BC85F8 /* ImageCollectionViewCell.swift */ = {isa = PBXFileReference; lastKnownFileType = sourcecode.swift; path = ImageCollectionViewCell.swift; sourceTree = "<group>"; };
		7B6BBA1D2C1F11BA00BC85F8 /* PFImageSetupDelegate.swift */ = {isa = PBXFileReference; lastKnownFileType = sourcecode.swift; path = PFImageSetupDelegate.swift; sourceTree = "<group>"; };
		7B6BBA222C1F13FE00BC85F8 /* UserDefaultsHelper.swift */ = {isa = PBXFileReference; lastKnownFileType = sourcecode.swift; path = UserDefaultsHelper.swift; sourceTree = "<group>"; };
		7B6BBA242C1F221A00BC85F8 /* MainTabBarController.swift */ = {isa = PBXFileReference; lastKnownFileType = sourcecode.swift; path = MainTabBarController.swift; sourceTree = "<group>"; };
		7B6BBA262C1F358B00BC85F8 /* RecentSearchTableViewCell.swift */ = {isa = PBXFileReference; lastKnownFileType = sourcecode.swift; path = RecentSearchTableViewCell.swift; sourceTree = "<group>"; };
		7B6BBA282C1F366B00BC85F8 /* RecentSearchQueryDelegate.swift */ = {isa = PBXFileReference; lastKnownFileType = sourcecode.swift; path = RecentSearchQueryDelegate.swift; sourceTree = "<group>"; };
		7B6BBA5B2C200B6E00BC85F8 /* SearchResultCollectionViewCell.swift */ = {isa = PBXFileReference; lastKnownFileType = sourcecode.swift; path = SearchResultCollectionViewCell.swift; sourceTree = "<group>"; };
		7B6BBA5D2C200EC800BC85F8 /* NVSSearchDelegate.swift */ = {isa = PBXFileReference; lastKnownFileType = sourcecode.swift; path = NVSSearchDelegate.swift; sourceTree = "<group>"; };
		7B6BBA5F2C20643A00BC85F8 /* SettingTableViewProfileCell.swift */ = {isa = PBXFileReference; lastKnownFileType = sourcecode.swift; path = SettingTableViewProfileCell.swift; sourceTree = "<group>"; };
		7B6BBA612C20644400BC85F8 /* SettingTableViewCell.swift */ = {isa = PBXFileReference; lastKnownFileType = sourcecode.swift; path = SettingTableViewCell.swift; sourceTree = "<group>"; };
		7B6BBA632C2065DB00BC85F8 /* Date+.swift */ = {isa = PBXFileReference; lastKnownFileType = sourcecode.swift; path = "Date+.swift"; sourceTree = "<group>"; };
		7B6BBA652C206BB300BC85F8 /* SettingDelegate.swift */ = {isa = PBXFileReference; lastKnownFileType = sourcecode.swift; path = SettingDelegate.swift; sourceTree = "<group>"; };
		7B6BBA672C20FDA400BC85F8 /* EmptyResultView.swift */ = {isa = PBXFileReference; lastKnownFileType = sourcecode.swift; path = EmptyResultView.swift; sourceTree = "<group>"; };
/* End PBXFileReference section */

/* Begin PBXFrameworksBuildPhase section */
		7B6BB9C22C1ADFFB00BC85F8 /* Frameworks */ = {
			isa = PBXFrameworksBuildPhase;
			buildActionMask = 2147483647;
			files = (
				7B6BB9E82C1AE57600BC85F8 /* SnapKit in Frameworks */,
				7B6BBA2C2C1F3A0E00BC85F8 /* IQKeyboardManagerSwift in Frameworks */,
				7B6BB9E22C1AE50C00BC85F8 /* Kingfisher in Frameworks */,
				7B6BB9E52C1AE53400BC85F8 /* Alamofire in Frameworks */,
				7B6BBA6B2C21098D00BC85F8 /* SkeletonView in Frameworks */,
			);
			runOnlyForDeploymentPostprocessing = 0;
		};
/* End PBXFrameworksBuildPhase section */

/* Begin PBXGroup section */
		7B6BB9BC2C1ADFFB00BC85F8 = {
			isa = PBXGroup;
			children = (
				7B6BB9C72C1ADFFB00BC85F8 /* LagomStyle */,
				7B6BB9C62C1ADFFB00BC85F8 /* Products */,
			);
			sourceTree = "<group>";
		};
		7B6BB9C62C1ADFFB00BC85F8 /* Products */ = {
			isa = PBXGroup;
			children = (
				7B6BB9C52C1ADFFB00BC85F8 /* LagomStyle.app */,
			);
			name = Products;
			sourceTree = "<group>";
		};
		7B6BB9C72C1ADFFB00BC85F8 /* LagomStyle */ = {
			isa = PBXGroup;
			children = (
				7B6BB9C82C1ADFFB00BC85F8 /* AppDelegate.swift */,
				7B6BB9CA2C1ADFFB00BC85F8 /* SceneDelegate.swift */,
				7B6BB9FE2C1DD2FD00BC85F8 /* Model */,
				7B6BB9F62C1AE67500BC85F8 /* Protocol */,
				7B6BB9FB2C1AE9FE00BC85F8 /* Resource */,
				7B6BBA0A2C1DE74E00BC85F8 /* Component */,
				7B6BBA012C1DD35C00BC85F8 /* ViewController */,
				7B6BBA212C1F13EB00BC85F8 /* Helper */,
				7B6BB9E92C1AE5BB00BC85F8 /* Extension */,
				7B6BB9D12C1ADFFC00BC85F8 /* Assets.xcassets */,
				7B6BB9D32C1ADFFC00BC85F8 /* LaunchScreen.storyboard */,
				7B6BB9D62C1ADFFC00BC85F8 /* Info.plist */,
				7B6BB9DC2C1AE11F00BC85F8 /* .gitignore */,
				7B6BB9DE2C1AE1C500BC85F8 /* APIKey.swift */,
			);
			path = LagomStyle;
			sourceTree = "<group>";
		};
		7B6BB9E92C1AE5BB00BC85F8 /* Extension */ = {
			isa = PBXGroup;
			children = (
				7B6BB9EA2C1AE60C00BC85F8 /* UINavigationController+.swift */,
				7B6BB9EC2C1AE61D00BC85F8 /* UIViewController+.swift */,
				7B6BB9EE2C1AE63300BC85F8 /* UITableViewCell+.swift */,
				7B6BB9F02C1AE63C00BC85F8 /* UICollectionViewCell.swift */,
				7B6BB9F22C1AE64C00BC85F8 /* UIImageView+.swift */,
				7B6BB9F42C1AE65200BC85F8 /* String+.swift */,
				7B6BBA632C2065DB00BC85F8 /* Date+.swift */,
			);
			path = Extension;
			sourceTree = "<group>";
		};
		7B6BB9F62C1AE67500BC85F8 /* Protocol */ = {
			isa = PBXGroup;
			children = (
				7B6BB9F72C1AE68C00BC85F8 /* ConfigureViewProtocol.swift */,
			);
			path = Protocol;
			sourceTree = "<group>";
		};
		7B6BB9FB2C1AE9FE00BC85F8 /* Resource */ = {
			isa = PBXGroup;
			children = (
				7B6BB9FC2C1AEA3400BC85F8 /* Resource.swift */,
			);
			path = Resource;
			sourceTree = "<group>";
		};
		7B6BB9FE2C1DD2FD00BC85F8 /* Model */ = {
			isa = PBXGroup;
			children = (
				7B6BB9FF2C1DD30D00BC85F8 /* NVSSearch.swift */,
			);
			path = Model;
			sourceTree = "<group>";
		};
		7B6BBA012C1DD35C00BC85F8 /* ViewController */ = {
			isa = PBXGroup;
			children = (
				7B6BBA1A2C1F01FF00BC85F8 /* Delegate */,
				7B6BBA022C1DE66600BC85F8 /* OnboardingViewController.swift */,
				7B6BBA042C1DE6CC00BC85F8 /* ProfileSetupViewController.swift */,
				7B6BBA062C1DE6DE00BC85F8 /* ProfileImageSetupViewController.swift */,
				7B6BBA242C1F221A00BC85F8 /* MainTabBarController.swift */,
				7B6BBA082C1DE6E700BC85F8 /* NVSSearchViewController.swift */,
				7B6BBA0F2C1DE83200BC85F8 /* NVSSearchResultViewController.swift */,
				7B6BBA112C1DE85F00BC85F8 /* NVSProductDetailViewController.swift */,
				7B6BBA132C1DE86900BC85F8 /* SettingViewController.swift */,
			);
			path = ViewController;
			sourceTree = "<group>";
		};
		7B6BBA0A2C1DE74E00BC85F8 /* Component */ = {
			isa = PBXGroup;
			children = (
				7B6BBA0B2C1DE76D00BC85F8 /* ProfileImageView.swift */,
				7B6BBA0D2C1DE7A800BC85F8 /* PrimaryColorRoundedButton.swift */,
				7B6BBA172C1EA2BC00BC85F8 /* CapsuleTapActionLabel.swift */,
				7B6BBA1B2C1F044600BC85F8 /* ImageCollectionViewCell.swift */,
				7B6BBA262C1F358B00BC85F8 /* RecentSearchTableViewCell.swift */,
				7B6BBA5B2C200B6E00BC85F8 /* SearchResultCollectionViewCell.swift */,
				7B6BBA5F2C20643A00BC85F8 /* SettingTableViewProfileCell.swift */,
				7B6BBA612C20644400BC85F8 /* SettingTableViewCell.swift */,
				7B6BBA672C20FDA400BC85F8 /* EmptyResultView.swift */,
			);
			path = Component;
			sourceTree = "<group>";
		};
		7B6BBA1A2C1F01FF00BC85F8 /* Delegate */ = {
			isa = PBXGroup;
			children = (
				7B6BBA1D2C1F11BA00BC85F8 /* PFImageSetupDelegate.swift */,
				7B6BBA282C1F366B00BC85F8 /* RecentSearchQueryDelegate.swift */,
				7B6BBA5D2C200EC800BC85F8 /* NVSSearchDelegate.swift */,
				7B6BBA652C206BB300BC85F8 /* SettingDelegate.swift */,
			);
			path = Delegate;
			sourceTree = "<group>";
		};
		7B6BBA212C1F13EB00BC85F8 /* Helper */ = {
			isa = PBXGroup;
			children = (
				7B6BBA222C1F13FE00BC85F8 /* UserDefaultsHelper.swift */,
			);
			path = Helper;
			sourceTree = "<group>";
		};
/* End PBXGroup section */

/* Begin PBXNativeTarget section */
		7B6BB9C42C1ADFFB00BC85F8 /* LagomStyle */ = {
			isa = PBXNativeTarget;
			buildConfigurationList = 7B6BB9D92C1ADFFC00BC85F8 /* Build configuration list for PBXNativeTarget "LagomStyle" */;
			buildPhases = (
				7B6BB9C12C1ADFFB00BC85F8 /* Sources */,
				7B6BB9C22C1ADFFB00BC85F8 /* Frameworks */,
				7B6BB9C32C1ADFFB00BC85F8 /* Resources */,
			);
			buildRules = (
			);
			dependencies = (
			);
			name = LagomStyle;
			packageProductDependencies = (
				7B6BB9E12C1AE50C00BC85F8 /* Kingfisher */,
				7B6BB9E42C1AE53400BC85F8 /* Alamofire */,
				7B6BB9E72C1AE57600BC85F8 /* SnapKit */,
				7B6BBA2B2C1F3A0E00BC85F8 /* IQKeyboardManagerSwift */,
				7B6BBA6A2C21098D00BC85F8 /* SkeletonView */,
			);
			productName = LagomStyle;
			productReference = 7B6BB9C52C1ADFFB00BC85F8 /* LagomStyle.app */;
			productType = "com.apple.product-type.application";
		};
/* End PBXNativeTarget section */

/* Begin PBXProject section */
		7B6BB9BD2C1ADFFB00BC85F8 /* Project object */ = {
			isa = PBXProject;
			attributes = {
				BuildIndependentTargetsInParallel = 1;
				LastSwiftUpdateCheck = 1540;
				LastUpgradeCheck = 1540;
				TargetAttributes = {
					7B6BB9C42C1ADFFB00BC85F8 = {
						CreatedOnToolsVersion = 15.4;
					};
				};
			};
			buildConfigurationList = 7B6BB9C02C1ADFFB00BC85F8 /* Build configuration list for PBXProject "LagomStyle" */;
			compatibilityVersion = "Xcode 14.0";
			developmentRegion = en;
			hasScannedForEncodings = 0;
			knownRegions = (
				en,
				Base,
			);
			mainGroup = 7B6BB9BC2C1ADFFB00BC85F8;
			packageReferences = (
				7B6BB9E02C1AE50C00BC85F8 /* XCRemoteSwiftPackageReference "Kingfisher" */,
				7B6BB9E32C1AE53400BC85F8 /* XCRemoteSwiftPackageReference "Alamofire" */,
				7B6BB9E62C1AE57600BC85F8 /* XCRemoteSwiftPackageReference "SnapKit" */,
				7B6BBA2A2C1F3A0E00BC85F8 /* XCRemoteSwiftPackageReference "IQKeyboardManager" */,
				7B6BBA692C21098D00BC85F8 /* XCRemoteSwiftPackageReference "SkeletonView" */,
			);
			productRefGroup = 7B6BB9C62C1ADFFB00BC85F8 /* Products */;
			projectDirPath = "";
			projectRoot = "";
			targets = (
				7B6BB9C42C1ADFFB00BC85F8 /* LagomStyle */,
			);
		};
/* End PBXProject section */

/* Begin PBXResourcesBuildPhase section */
		7B6BB9C32C1ADFFB00BC85F8 /* Resources */ = {
			isa = PBXResourcesBuildPhase;
			buildActionMask = 2147483647;
			files = (
				7B6BB9D22C1ADFFC00BC85F8 /* Assets.xcassets in Resources */,
				7B6BB9DD2C1AE11F00BC85F8 /* .gitignore in Resources */,
				7B6BB9D52C1ADFFC00BC85F8 /* Base in Resources */,
			);
			runOnlyForDeploymentPostprocessing = 0;
		};
/* End PBXResourcesBuildPhase section */

/* Begin PBXSourcesBuildPhase section */
		7B6BB9C12C1ADFFB00BC85F8 /* Sources */ = {
			isa = PBXSourcesBuildPhase;
			buildActionMask = 2147483647;
			files = (
				7B6BBA622C20644500BC85F8 /* SettingTableViewCell.swift in Sources */,
				7B6BBA272C1F358B00BC85F8 /* RecentSearchTableViewCell.swift in Sources */,
				7B6BBA232C1F13FE00BC85F8 /* UserDefaultsHelper.swift in Sources */,
				7B6BBA1C2C1F044600BC85F8 /* ImageCollectionViewCell.swift in Sources */,
				7B6BBA1E2C1F11BA00BC85F8 /* PFImageSetupDelegate.swift in Sources */,
				7B6BB9FD2C1AEA3400BC85F8 /* Resource.swift in Sources */,
				7B6BBA292C1F366B00BC85F8 /* RecentSearchQueryDelegate.swift in Sources */,
				7B6BBA142C1DE86900BC85F8 /* SettingViewController.swift in Sources */,
				7B6BB9F32C1AE64C00BC85F8 /* UIImageView+.swift in Sources */,
				7B6BBA122C1DE85F00BC85F8 /* NVSProductDetailViewController.swift in Sources */,
				7B6BBA602C20643A00BC85F8 /* SettingTableViewProfileCell.swift in Sources */,
				7B6BB9F52C1AE65200BC85F8 /* String+.swift in Sources */,
				7B6BBA072C1DE6DE00BC85F8 /* ProfileImageSetupViewController.swift in Sources */,
				7B6BB9F82C1AE68C00BC85F8 /* ConfigureViewProtocol.swift in Sources */,
				7B6BBA0C2C1DE76D00BC85F8 /* ProfileImageView.swift in Sources */,
				7B6BBA0E2C1DE7A800BC85F8 /* PrimaryColorRoundedButton.swift in Sources */,
				7B6BBA002C1DD30D00BC85F8 /* NVSSearch.swift in Sources */,
				7B6BBA092C1DE6E700BC85F8 /* NVSSearchViewController.swift in Sources */,
				7B6BB9EB2C1AE60C00BC85F8 /* UINavigationController+.swift in Sources */,
				7B6BB9F12C1AE63C00BC85F8 /* UICollectionViewCell.swift in Sources */,
				7B6BBA5C2C200B6E00BC85F8 /* SearchResultCollectionViewCell.swift in Sources */,
				7B6BB9EF2C1AE63300BC85F8 /* UITableViewCell+.swift in Sources */,
				7B6BB9ED2C1AE61D00BC85F8 /* UIViewController+.swift in Sources */,
				7B6BB9C92C1ADFFB00BC85F8 /* AppDelegate.swift in Sources */,
				7B6BBA252C1F221A00BC85F8 /* MainTabBarController.swift in Sources */,
				7B6BBA032C1DE66600BC85F8 /* OnboardingViewController.swift in Sources */,
				7B6BB9DF2C1AE1C500BC85F8 /* APIKey.swift in Sources */,
				7B6BBA662C206BB400BC85F8 /* SettingDelegate.swift in Sources */,
				7B6BBA102C1DE83200BC85F8 /* NVSSearchResultViewController.swift in Sources */,
				7B6BBA642C2065DB00BC85F8 /* Date+.swift in Sources */,
				7B6BBA5E2C200EC800BC85F8 /* NVSSearchDelegate.swift in Sources */,
				7B6BB9CB2C1ADFFB00BC85F8 /* SceneDelegate.swift in Sources */,
				7B6BBA682C20FDA400BC85F8 /* EmptyResultView.swift in Sources */,
				7B6BBA182C1EA2BC00BC85F8 /* CapsuleTapActionLabel.swift in Sources */,
				7B6BBA052C1DE6CC00BC85F8 /* ProfileSetupViewController.swift in Sources */,
			);
			runOnlyForDeploymentPostprocessing = 0;
		};
/* End PBXSourcesBuildPhase section */

/* Begin PBXVariantGroup section */
		7B6BB9D32C1ADFFC00BC85F8 /* LaunchScreen.storyboard */ = {
			isa = PBXVariantGroup;
			children = (
				7B6BB9D42C1ADFFC00BC85F8 /* Base */,
			);
			name = LaunchScreen.storyboard;
			sourceTree = "<group>";
		};
/* End PBXVariantGroup section */

/* Begin XCBuildConfiguration section */
		7B6BB9D72C1ADFFC00BC85F8 /* Debug */ = {
			isa = XCBuildConfiguration;
			buildSettings = {
				ALWAYS_SEARCH_USER_PATHS = NO;
				ASSETCATALOG_COMPILER_GENERATE_SWIFT_ASSET_SYMBOL_EXTENSIONS = YES;
				CLANG_ANALYZER_NONNULL = YES;
				CLANG_ANALYZER_NUMBER_OBJECT_CONVERSION = YES_AGGRESSIVE;
				CLANG_CXX_LANGUAGE_STANDARD = "gnu++20";
				CLANG_ENABLE_MODULES = YES;
				CLANG_ENABLE_OBJC_ARC = YES;
				CLANG_ENABLE_OBJC_WEAK = YES;
				CLANG_WARN_BLOCK_CAPTURE_AUTORELEASING = YES;
				CLANG_WARN_BOOL_CONVERSION = YES;
				CLANG_WARN_COMMA = YES;
				CLANG_WARN_CONSTANT_CONVERSION = YES;
				CLANG_WARN_DEPRECATED_OBJC_IMPLEMENTATIONS = YES;
				CLANG_WARN_DIRECT_OBJC_ISA_USAGE = YES_ERROR;
				CLANG_WARN_DOCUMENTATION_COMMENTS = YES;
				CLANG_WARN_EMPTY_BODY = YES;
				CLANG_WARN_ENUM_CONVERSION = YES;
				CLANG_WARN_INFINITE_RECURSION = YES;
				CLANG_WARN_INT_CONVERSION = YES;
				CLANG_WARN_NON_LITERAL_NULL_CONVERSION = YES;
				CLANG_WARN_OBJC_IMPLICIT_RETAIN_SELF = YES;
				CLANG_WARN_OBJC_LITERAL_CONVERSION = YES;
				CLANG_WARN_OBJC_ROOT_CLASS = YES_ERROR;
				CLANG_WARN_QUOTED_INCLUDE_IN_FRAMEWORK_HEADER = YES;
				CLANG_WARN_RANGE_LOOP_ANALYSIS = YES;
				CLANG_WARN_STRICT_PROTOTYPES = YES;
				CLANG_WARN_SUSPICIOUS_MOVE = YES;
				CLANG_WARN_UNGUARDED_AVAILABILITY = YES_AGGRESSIVE;
				CLANG_WARN_UNREACHABLE_CODE = YES;
				CLANG_WARN__DUPLICATE_METHOD_MATCH = YES;
				COPY_PHASE_STRIP = NO;
				DEBUG_INFORMATION_FORMAT = dwarf;
				ENABLE_STRICT_OBJC_MSGSEND = YES;
				ENABLE_TESTABILITY = YES;
				ENABLE_USER_SCRIPT_SANDBOXING = YES;
				GCC_C_LANGUAGE_STANDARD = gnu17;
				GCC_DYNAMIC_NO_PIC = NO;
				GCC_NO_COMMON_BLOCKS = YES;
				GCC_OPTIMIZATION_LEVEL = 0;
				GCC_PREPROCESSOR_DEFINITIONS = (
					"DEBUG=1",
					"$(inherited)",
				);
				GCC_WARN_64_TO_32_BIT_CONVERSION = YES;
				GCC_WARN_ABOUT_RETURN_TYPE = YES_ERROR;
				GCC_WARN_UNDECLARED_SELECTOR = YES;
				GCC_WARN_UNINITIALIZED_AUTOS = YES_AGGRESSIVE;
				GCC_WARN_UNUSED_FUNCTION = YES;
				GCC_WARN_UNUSED_VARIABLE = YES;
				IPHONEOS_DEPLOYMENT_TARGET = 17.5;
				LOCALIZATION_PREFERS_STRING_CATALOGS = YES;
				MTL_ENABLE_DEBUG_INFO = INCLUDE_SOURCE;
				MTL_FAST_MATH = YES;
				ONLY_ACTIVE_ARCH = YES;
				SDKROOT = iphoneos;
				SWIFT_ACTIVE_COMPILATION_CONDITIONS = "DEBUG $(inherited)";
				SWIFT_OPTIMIZATION_LEVEL = "-Onone";
			};
			name = Debug;
		};
		7B6BB9D82C1ADFFC00BC85F8 /* Release */ = {
			isa = XCBuildConfiguration;
			buildSettings = {
				ALWAYS_SEARCH_USER_PATHS = NO;
				ASSETCATALOG_COMPILER_GENERATE_SWIFT_ASSET_SYMBOL_EXTENSIONS = YES;
				CLANG_ANALYZER_NONNULL = YES;
				CLANG_ANALYZER_NUMBER_OBJECT_CONVERSION = YES_AGGRESSIVE;
				CLANG_CXX_LANGUAGE_STANDARD = "gnu++20";
				CLANG_ENABLE_MODULES = YES;
				CLANG_ENABLE_OBJC_ARC = YES;
				CLANG_ENABLE_OBJC_WEAK = YES;
				CLANG_WARN_BLOCK_CAPTURE_AUTORELEASING = YES;
				CLANG_WARN_BOOL_CONVERSION = YES;
				CLANG_WARN_COMMA = YES;
				CLANG_WARN_CONSTANT_CONVERSION = YES;
				CLANG_WARN_DEPRECATED_OBJC_IMPLEMENTATIONS = YES;
				CLANG_WARN_DIRECT_OBJC_ISA_USAGE = YES_ERROR;
				CLANG_WARN_DOCUMENTATION_COMMENTS = YES;
				CLANG_WARN_EMPTY_BODY = YES;
				CLANG_WARN_ENUM_CONVERSION = YES;
				CLANG_WARN_INFINITE_RECURSION = YES;
				CLANG_WARN_INT_CONVERSION = YES;
				CLANG_WARN_NON_LITERAL_NULL_CONVERSION = YES;
				CLANG_WARN_OBJC_IMPLICIT_RETAIN_SELF = YES;
				CLANG_WARN_OBJC_LITERAL_CONVERSION = YES;
				CLANG_WARN_OBJC_ROOT_CLASS = YES_ERROR;
				CLANG_WARN_QUOTED_INCLUDE_IN_FRAMEWORK_HEADER = YES;
				CLANG_WARN_RANGE_LOOP_ANALYSIS = YES;
				CLANG_WARN_STRICT_PROTOTYPES = YES;
				CLANG_WARN_SUSPICIOUS_MOVE = YES;
				CLANG_WARN_UNGUARDED_AVAILABILITY = YES_AGGRESSIVE;
				CLANG_WARN_UNREACHABLE_CODE = YES;
				CLANG_WARN__DUPLICATE_METHOD_MATCH = YES;
				COPY_PHASE_STRIP = NO;
				DEBUG_INFORMATION_FORMAT = "dwarf-with-dsym";
				ENABLE_NS_ASSERTIONS = NO;
				ENABLE_STRICT_OBJC_MSGSEND = YES;
				ENABLE_USER_SCRIPT_SANDBOXING = YES;
				GCC_C_LANGUAGE_STANDARD = gnu17;
				GCC_NO_COMMON_BLOCKS = YES;
				GCC_WARN_64_TO_32_BIT_CONVERSION = YES;
				GCC_WARN_ABOUT_RETURN_TYPE = YES_ERROR;
				GCC_WARN_UNDECLARED_SELECTOR = YES;
				GCC_WARN_UNINITIALIZED_AUTOS = YES_AGGRESSIVE;
				GCC_WARN_UNUSED_FUNCTION = YES;
				GCC_WARN_UNUSED_VARIABLE = YES;
				IPHONEOS_DEPLOYMENT_TARGET = 17.5;
				LOCALIZATION_PREFERS_STRING_CATALOGS = YES;
				MTL_ENABLE_DEBUG_INFO = NO;
				MTL_FAST_MATH = YES;
				SDKROOT = iphoneos;
				SWIFT_COMPILATION_MODE = wholemodule;
				VALIDATE_PRODUCT = YES;
			};
			name = Release;
		};
		7B6BB9DA2C1ADFFC00BC85F8 /* Debug */ = {
			isa = XCBuildConfiguration;
			buildSettings = {
				ASSETCATALOG_COMPILER_APPICON_NAME = AppIcon;
				ASSETCATALOG_COMPILER_GLOBAL_ACCENT_COLOR_NAME = AccentColor;
				CODE_SIGN_STYLE = Automatic;
				CURRENT_PROJECT_VERSION = 1;
				DEVELOPMENT_TEAM = T62JF6T7Q4;
				GENERATE_INFOPLIST_FILE = YES;
				INFOPLIST_FILE = LagomStyle/Info.plist;
				INFOPLIST_KEY_CFBundleDisplayName = LagomStyle;
				INFOPLIST_KEY_UIApplicationSupportsIndirectInputEvents = YES;
				INFOPLIST_KEY_UILaunchStoryboardName = LaunchScreen;
				INFOPLIST_KEY_UIMainStoryboardFile = "";
				INFOPLIST_KEY_UISupportedInterfaceOrientations = UIInterfaceOrientationPortrait;
				INFOPLIST_KEY_UISupportedInterfaceOrientations_iPad = UIInterfaceOrientationPortrait;
				IPHONEOS_DEPLOYMENT_TARGET = 15.0;
				LD_RUNPATH_SEARCH_PATHS = (
					"$(inherited)",
					"@executable_path/Frameworks",
				);
				MARKETING_VERSION = 1.0;
				PRODUCT_BUNDLE_IDENTIFIER = kr.co.kmj.LagomStyle;
				PRODUCT_NAME = "$(TARGET_NAME)";
				SUPPORTED_PLATFORMS = "iphoneos iphonesimulator";
				SUPPORTS_MACCATALYST = NO;
				SUPPORTS_MAC_DESIGNED_FOR_IPHONE_IPAD = NO;
				SUPPORTS_XR_DESIGNED_FOR_IPHONE_IPAD = NO;
				SWIFT_EMIT_LOC_STRINGS = YES;
				SWIFT_VERSION = 5.0;
				TARGETED_DEVICE_FAMILY = 1;
			};
			name = Debug;
		};
		7B6BB9DB2C1ADFFC00BC85F8 /* Release */ = {
			isa = XCBuildConfiguration;
			buildSettings = {
				ASSETCATALOG_COMPILER_APPICON_NAME = AppIcon;
				ASSETCATALOG_COMPILER_GLOBAL_ACCENT_COLOR_NAME = AccentColor;
				CODE_SIGN_STYLE = Automatic;
				CURRENT_PROJECT_VERSION = 1;
				DEVELOPMENT_TEAM = T62JF6T7Q4;
				GENERATE_INFOPLIST_FILE = YES;
				INFOPLIST_FILE = LagomStyle/Info.plist;
				INFOPLIST_KEY_CFBundleDisplayName = LagomStyle;
				INFOPLIST_KEY_UIApplicationSupportsIndirectInputEvents = YES;
				INFOPLIST_KEY_UILaunchStoryboardName = LaunchScreen;
				INFOPLIST_KEY_UIMainStoryboardFile = "";
				INFOPLIST_KEY_UISupportedInterfaceOrientations = UIInterfaceOrientationPortrait;
				INFOPLIST_KEY_UISupportedInterfaceOrientations_iPad = UIInterfaceOrientationPortrait;
				IPHONEOS_DEPLOYMENT_TARGET = 15.0;
				LD_RUNPATH_SEARCH_PATHS = (
					"$(inherited)",
					"@executable_path/Frameworks",
				);
				MARKETING_VERSION = 1.0;
				PRODUCT_BUNDLE_IDENTIFIER = kr.co.kmj.LagomStyle;
				PRODUCT_NAME = "$(TARGET_NAME)";
				SUPPORTED_PLATFORMS = "iphoneos iphonesimulator";
				SUPPORTS_MACCATALYST = NO;
				SUPPORTS_MAC_DESIGNED_FOR_IPHONE_IPAD = NO;
				SUPPORTS_XR_DESIGNED_FOR_IPHONE_IPAD = NO;
				SWIFT_EMIT_LOC_STRINGS = YES;
				SWIFT_VERSION = 5.0;
				TARGETED_DEVICE_FAMILY = 1;
			};
			name = Release;
		};
/* End XCBuildConfiguration section */

/* Begin XCConfigurationList section */
		7B6BB9C02C1ADFFB00BC85F8 /* Build configuration list for PBXProject "LagomStyle" */ = {
			isa = XCConfigurationList;
			buildConfigurations = (
				7B6BB9D72C1ADFFC00BC85F8 /* Debug */,
				7B6BB9D82C1ADFFC00BC85F8 /* Release */,
			);
			defaultConfigurationIsVisible = 0;
			defaultConfigurationName = Release;
		};
		7B6BB9D92C1ADFFC00BC85F8 /* Build configuration list for PBXNativeTarget "LagomStyle" */ = {
			isa = XCConfigurationList;
			buildConfigurations = (
				7B6BB9DA2C1ADFFC00BC85F8 /* Debug */,
				7B6BB9DB2C1ADFFC00BC85F8 /* Release */,
			);
			defaultConfigurationIsVisible = 0;
			defaultConfigurationName = Release;
		};
/* End XCConfigurationList section */

/* Begin XCRemoteSwiftPackageReference section */
		7B6BB9E02C1AE50C00BC85F8 /* XCRemoteSwiftPackageReference "Kingfisher" */ = {
			isa = XCRemoteSwiftPackageReference;
			repositoryURL = "https://github.com/onevcat/Kingfisher.git";
			requirement = {
				kind = upToNextMajorVersion;
				minimumVersion = 7.12.0;
			};
		};
		7B6BB9E32C1AE53400BC85F8 /* XCRemoteSwiftPackageReference "Alamofire" */ = {
			isa = XCRemoteSwiftPackageReference;
			repositoryURL = "https://github.com/Alamofire/Alamofire.git";
			requirement = {
				kind = upToNextMajorVersion;
				minimumVersion = 5.9.1;
			};
		};
		7B6BB9E62C1AE57600BC85F8 /* XCRemoteSwiftPackageReference "SnapKit" */ = {
			isa = XCRemoteSwiftPackageReference;
			repositoryURL = "https://github.com/SnapKit/SnapKit.git";
			requirement = {
				kind = upToNextMajorVersion;
				minimumVersion = 5.7.1;
			};
		};
		7B6BBA2A2C1F3A0E00BC85F8 /* XCRemoteSwiftPackageReference "IQKeyboardManager" */ = {
			isa = XCRemoteSwiftPackageReference;
			repositoryURL = "https://github.com/hackiftekhar/IQKeyboardManager.git";
			requirement = {
				kind = upToNextMajorVersion;
				minimumVersion = 7.0.3;
			};
		};
		7B6BBA692C21098D00BC85F8 /* XCRemoteSwiftPackageReference "SkeletonView" */ = {
			isa = XCRemoteSwiftPackageReference;
			repositoryURL = "https://github.com/Juanpe/SkeletonView.git";
			requirement = {
				kind = upToNextMajorVersion;
				minimumVersion = 1.31.0;
			};
		};
/* End XCRemoteSwiftPackageReference section */

/* Begin XCSwiftPackageProductDependency section */
		7B6BB9E12C1AE50C00BC85F8 /* Kingfisher */ = {
			isa = XCSwiftPackageProductDependency;
			package = 7B6BB9E02C1AE50C00BC85F8 /* XCRemoteSwiftPackageReference "Kingfisher" */;
			productName = Kingfisher;
		};
		7B6BB9E42C1AE53400BC85F8 /* Alamofire */ = {
			isa = XCSwiftPackageProductDependency;
			package = 7B6BB9E32C1AE53400BC85F8 /* XCRemoteSwiftPackageReference "Alamofire" */;
			productName = Alamofire;
		};
		7B6BB9E72C1AE57600BC85F8 /* SnapKit */ = {
			isa = XCSwiftPackageProductDependency;
			package = 7B6BB9E62C1AE57600BC85F8 /* XCRemoteSwiftPackageReference "SnapKit" */;
			productName = SnapKit;
		};
		7B6BBA2B2C1F3A0E00BC85F8 /* IQKeyboardManagerSwift */ = {
			isa = XCSwiftPackageProductDependency;
			package = 7B6BBA2A2C1F3A0E00BC85F8 /* XCRemoteSwiftPackageReference "IQKeyboardManager" */;
			productName = IQKeyboardManagerSwift;
		};
		7B6BBA6A2C21098D00BC85F8 /* SkeletonView */ = {
			isa = XCSwiftPackageProductDependency;
			package = 7B6BBA692C21098D00BC85F8 /* XCRemoteSwiftPackageReference "SkeletonView" */;
			productName = SkeletonView;
		};
/* End XCSwiftPackageProductDependency section */
	};
	rootObject = 7B6BB9BD2C1ADFFB00BC85F8 /* Project object */;
}
